{
    "_readme": [
        "This file locks the dependencies of your project to a known state",
        "Read more about it at http://getcomposer.org/doc/01-basic-usage.md#composer-lock-the-lock-file"
    ],
    "hash": "c881653c491910c888718c0aad9c796c",
    "packages": [
        {
            "name": "goodby/csv",
            "version": "dev-master",
            "source": {
                "type": "git",
                "url": "https://github.com/goodby/csv.git",
                "reference": "01a337b0c7bc16a7fdf2561abfa36421137e56e5"
            },
            "dist": {
                "type": "zip",
                "url": "https://api.github.com/repos/goodby/csv/zipball/01a337b0c7bc16a7fdf2561abfa36421137e56e5",
                "reference": "01a337b0c7bc16a7fdf2561abfa36421137e56e5",
                "shasum": ""
            },
            "require": {
                "ext-mbstring": "*",
                "php": ">=5.3.2"
            },
            "require-dev": {
                "mikey179/vfsstream": ">=1.1.0",
                "mockery/mockery": ">=0.7.2",
                "phpunit/phpunit": "3.7.*",
                "suin/php-expose": ">=1.0"
            },
            "type": "library",
            "autoload": {
                "psr-0": {
                    "Goodby\\CSV": "src/"
                }
            },
            "notification-url": "https://packagist.org/downloads/",
            "license": [
                "MIT"
            ],
            "authors": [
                {
                    "name": "suin",
                    "email": "suinyeze@gmail.com",
                    "homepage": "https://www.facebook.com/suinyeze",
                    "role": "Developer, Renaming Specialist"
                },
                {
                    "name": "reoring",
                    "email": "mori.reo@gmail.com",
                    "homepage": "https://www.facebook.com/reoring",
                    "role": "Developer"
                }
            ],
            "description": "CSV import/export library",
            "homepage": "https://github.com/goodby/csv",
            "keywords": [
                "csv",
                "export",
                "import"
            ],
            "time": "2014-05-21 07:16:02"
        }
    ],
    "packages-dev": [

    ],
    "aliases": [

    ],
    "minimum-stability": "stable",
    "stability-flags": {
        "goodby/csv": 20
    },
    "platform": {
        "php": ">=5.3.3"
    },
    "platform-dev": [

    ]
}
